// !$*UTF8*$!
{
	archiveVersion = 1;
	classes = {
	};
	objectVersion = 48;
	objects = {

/* Begin PBXBuildFile section */
		49CCC04086B7B9B1FA2348C8 /* Pods_InstagramNov17.framework in Frameworks */ = {isa = PBXBuildFile; fileRef = F312F65BBCFFBD8D5AA2EB60 /* Pods_InstagramNov17.framework */; };
		5FC4F8B11FBA9FAB00A8E1EE /* AppDelegate.swift in Sources */ = {isa = PBXBuildFile; fileRef = 5FC4F8B01FBA9FAB00A8E1EE /* AppDelegate.swift */; };
		5FC4F8B31FBA9FAB00A8E1EE /* ViewController.swift in Sources */ = {isa = PBXBuildFile; fileRef = 5FC4F8B21FBA9FAB00A8E1EE /* ViewController.swift */; };
		5FC4F8B61FBA9FAB00A8E1EE /* Main.storyboard in Resources */ = {isa = PBXBuildFile; fileRef = 5FC4F8B41FBA9FAB00A8E1EE /* Main.storyboard */; };
		5FC4F8B81FBA9FAC00A8E1EE /* Assets.xcassets in Resources */ = {isa = PBXBuildFile; fileRef = 5FC4F8B71FBA9FAC00A8E1EE /* Assets.xcassets */; };
		5FC4F8BB1FBA9FAC00A8E1EE /* LaunchScreen.storyboard in Resources */ = {isa = PBXBuildFile; fileRef = 5FC4F8B91FBA9FAC00A8E1EE /* LaunchScreen.storyboard */; };
		5FC4F8C31FBAA64F00A8E1EE /* Auth.storyboard in Resources */ = {isa = PBXBuildFile; fileRef = 5FC4F8C21FBAA64F00A8E1EE /* Auth.storyboard */; };
/* End PBXBuildFile section */

/* Begin PBXFileReference section */
		06EB35A31E52431FA05272B3 /* Pods-InstagramNov17.debug.xcconfig */ = {isa = PBXFileReference; includeInIndex = 1; lastKnownFileType = text.xcconfig; name = "Pods-InstagramNov17.debug.xcconfig"; path = "Pods/Target Support Files/Pods-InstagramNov17/Pods-InstagramNov17.debug.xcconfig"; sourceTree = "<group>"; };
		4BC2227DEEBE2CF4D58BFC9D /* Pods-InstagramNov17.release.xcconfig */ = {isa = PBXFileReference; includeInIndex = 1; lastKnownFileType = text.xcconfig; name = "Pods-InstagramNov17.release.xcconfig"; path = "Pods/Target Support Files/Pods-InstagramNov17/Pods-InstagramNov17.release.xcconfig"; sourceTree = "<group>"; };
		5FC4F8AD1FBA9FAB00A8E1EE /* InstagramNov17.app */ = {isa = PBXFileReference; explicitFileType = wrapper.application; includeInIndex = 0; path = InstagramNov17.app; sourceTree = BUILT_PRODUCTS_DIR; };
		5FC4F8B01FBA9FAB00A8E1EE /* AppDelegate.swift */ = {isa = PBXFileReference; lastKnownFileType = sourcecode.swift; path = AppDelegate.swift; sourceTree = "<group>"; };
		5FC4F8B21FBA9FAB00A8E1EE /* ViewController.swift */ = {isa = PBXFileReference; lastKnownFileType = sourcecode.swift; path = ViewController.swift; sourceTree = "<group>"; };
		5FC4F8B51FBA9FAB00A8E1EE /* Base */ = {isa = PBXFileReference; lastKnownFileType = file.storyboard; name = Base; path = Base.lproj/Main.storyboard; sourceTree = "<group>"; };
		5FC4F8B71FBA9FAC00A8E1EE /* Assets.xcassets */ = {isa = PBXFileReference; lastKnownFileType = folder.assetcatalog; path = Assets.xcassets; sourceTree = "<group>"; };
		5FC4F8BA1FBA9FAC00A8E1EE /* Base */ = {isa = PBXFileReference; lastKnownFileType = file.storyboard; name = Base; path = Base.lproj/LaunchScreen.storyboard; sourceTree = "<group>"; };
		5FC4F8BC1FBA9FAC00A8E1EE /* Info.plist */ = {isa = PBXFileReference; lastKnownFileType = text.plist.xml; path = Info.plist; sourceTree = "<group>"; };
		5FC4F8C21FBAA64F00A8E1EE /* Auth.storyboard */ = {isa = PBXFileReference; lastKnownFileType = file.storyboard; path = Auth.storyboard; sourceTree = "<group>"; };
		F312F65BBCFFBD8D5AA2EB60 /* Pods_InstagramNov17.framework */ = {isa = PBXFileReference; explicitFileType = wrapper.framework; includeInIndex = 0; path = Pods_InstagramNov17.framework; sourceTree = BUILT_PRODUCTS_DIR; };
/* End PBXFileReference section */

/* Begin PBXFrameworksBuildPhase section */
		5FC4F8AA1FBA9FAB00A8E1EE /* Frameworks */ = {
			isa = PBXFrameworksBuildPhase;
			buildActionMask = 2147483647;
			files = (
				49CCC04086B7B9B1FA2348C8 /* Pods_InstagramNov17.framework in Frameworks */,
			);
			runOnlyForDeploymentPostprocessing = 0;
		};
/* End PBXFrameworksBuildPhase section */

/* Begin PBXGroup section */
		4C03C4EF50780FFCB0118076 /* Pods */ = {
			isa = PBXGroup;
			children = (
				06EB35A31E52431FA05272B3 /* Pods-InstagramNov17.debug.xcconfig */,
				4BC2227DEEBE2CF4D58BFC9D /* Pods-InstagramNov17.release.xcconfig */,
			);
			name = Pods;
			sourceTree = "<group>";
		};
		5FC4F8A41FBA9FAB00A8E1EE = {
			isa = PBXGroup;
			children = (
				5FC4F8AF1FBA9FAB00A8E1EE /* InstagramNov17 */,
				5FC4F8AE1FBA9FAB00A8E1EE /* Products */,
				4C03C4EF50780FFCB0118076 /* Pods */,
				FB74EC03E1206A96425AFD60 /* Frameworks */,
			);
			sourceTree = "<group>";
		};
		5FC4F8AE1FBA9FAB00A8E1EE /* Products */ = {
			isa = PBXGroup;
			children = (
				5FC4F8AD1FBA9FAB00A8E1EE /* InstagramNov17.app */,
			);
			name = Products;
			sourceTree = "<group>";
		};
		5FC4F8AF1FBA9FAB00A8E1EE /* InstagramNov17 */ = {
			isa = PBXGroup;
			children = (
				5FC4F8B01FBA9FAB00A8E1EE /* AppDelegate.swift */,
				5FC4F8B21FBA9FAB00A8E1EE /* ViewController.swift */,
				5FC4F8B41FBA9FAB00A8E1EE /* Main.storyboard */,
				5FC4F8B71FBA9FAC00A8E1EE /* Assets.xcassets */,
				5FC4F8B91FBA9FAC00A8E1EE /* LaunchScreen.storyboard */,
				5FC4F8BC1FBA9FAC00A8E1EE /* Info.plist */,
				5FC4F8C21FBAA64F00A8E1EE /* Auth.storyboard */,
			);
			path = InstagramNov17;
			sourceTree = "<group>";
		};
		FB74EC03E1206A96425AFD60 /* Frameworks */ = {
			isa = PBXGroup;
			children = (
				F312F65BBCFFBD8D5AA2EB60 /* Pods_InstagramNov17.framework */,
			);
			name = Frameworks;
			sourceTree = "<group>";
		};
/* End PBXGroup section */

/* Begin PBXNativeTarget section */
		5FC4F8AC1FBA9FAB00A8E1EE /* InstagramNov17 */ = {
			isa = PBXNativeTarget;
			buildConfigurationList = 5FC4F8BF1FBA9FAC00A8E1EE /* Build configuration list for PBXNativeTarget "InstagramNov17" */;
			buildPhases = (
				E2D7EED04D222133EA9B2342 /* [CP] Check Pods Manifest.lock */,
				5FC4F8A91FBA9FAB00A8E1EE /* Sources */,
				5FC4F8AA1FBA9FAB00A8E1EE /* Frameworks */,
				5FC4F8AB1FBA9FAB00A8E1EE /* Resources */,
				E73245E719CFE754EAEE504B /* [CP] Embed Pods Frameworks */,
				F455162009ECE3925C00FF25 /* [CP] Copy Pods Resources */,
			);
			buildRules = (
			);
			dependencies = (
			);
			name = InstagramNov17;
			productName = InstagramNov17;
			productReference = 5FC4F8AD1FBA9FAB00A8E1EE /* InstagramNov17.app */;
			productType = "com.apple.product-type.application";
		};
/* End PBXNativeTarget section */

/* Begin PBXProject section */
		5FC4F8A51FBA9FAB00A8E1EE /* Project object */ = {
			isa = PBXProject;
			attributes = {
				LastSwiftUpdateCheck = 0910;
				LastUpgradeCheck = 0910;
				ORGANIZATIONNAME = CKH;
				TargetAttributes = {
					5FC4F8AC1FBA9FAB00A8E1EE = {
						CreatedOnToolsVersion = 9.1;
						ProvisioningStyle = Automatic;
					};
				};
			};
			buildConfigurationList = 5FC4F8A81FBA9FAB00A8E1EE /* Build configuration list for PBXProject "InstagramNov17" */;
			compatibilityVersion = "Xcode 8.0";
			developmentRegion = en;
			hasScannedForEncodings = 0;
			knownRegions = (
				en,
				Base,
			);
			mainGroup = 5FC4F8A41FBA9FAB00A8E1EE;
			productRefGroup = 5FC4F8AE1FBA9FAB00A8E1EE /* Products */;
			projectDirPath = "";
			projectRoot = "";
			targets = (
				5FC4F8AC1FBA9FAB00A8E1EE /* InstagramNov17 */,
			);
		};
/* End PBXProject section */

/* Begin PBXResourcesBuildPhase section */
		5FC4F8AB1FBA9FAB00A8E1EE /* Resources */ = {
			isa = PBXResourcesBuildPhase;
			buildActionMask = 2147483647;
			files = (
				5FC4F8C31FBAA64F00A8E1EE /* Auth.storyboard in Resources */,
				5FC4F8BB1FBA9FAC00A8E1EE /* LaunchScreen.storyboard in Resources */,
				5FC4F8B81FBA9FAC00A8E1EE /* Assets.xcassets in Resources */,
				5FC4F8B61FBA9FAB00A8E1EE /* Main.storyboard in Resources */,
			);
			runOnlyForDeploymentPostprocessing = 0;
		};
/* End PBXResourcesBuildPhase section */

/* Begin PBXShellScriptBuildPhase section */
		E2D7EED04D222133EA9B2342 /* [CP] Check Pods Manifest.lock */ = {
			isa = PBXShellScriptBuildPhase;
			buildActionMask = 2147483647;
			files = (
			);
			inputPaths = (
				"${PODS_PODFILE_DIR_PATH}/Podfile.lock",
				"${PODS_ROOT}/Manifest.lock",
			);
			name = "[CP] Check Pods Manifest.lock";
			outputPaths = (
				"$(DERIVED_FILE_DIR)/Pods-InstagramNov17-checkManifestLockResult.txt",
			);
			runOnlyForDeploymentPostprocessing = 0;
			shellPath = /bin/sh;
			shellScript = "diff \"${PODS_PODFILE_DIR_PATH}/Podfile.lock\" \"${PODS_ROOT}/Manifest.lock\" > /dev/null\nif [ $? != 0 ] ; then\n    # print error to STDERR\n    echo \"error: The sandbox is not in sync with the Podfile.lock. Run 'pod install' or update your CocoaPods installation.\" >&2\n    exit 1\nfi\n# This output is used by Xcode 'outputs' to avoid re-running this script phase.\necho \"SUCCESS\" > \"${SCRIPT_OUTPUT_FILE_0}\"\n";
			showEnvVarsInLog = 0;
		};
		E73245E719CFE754EAEE504B /* [CP] Embed Pods Frameworks */ = {
			isa = PBXShellScriptBuildPhase;
			buildActionMask = 2147483647;
			files = (
			);
			inputPaths = (
			);
			name = "[CP] Embed Pods Frameworks";
			outputPaths = (
			);
			runOnlyForDeploymentPostprocessing = 0;
			shellPath = /bin/sh;
			shellScript = "\"${SRCROOT}/Pods/Target Support Files/Pods-InstagramNov17/Pods-InstagramNov17-frameworks.sh\"\n";
			showEnvVarsInLog = 0;
		};
		F455162009ECE3925C00FF25 /* [CP] Copy Pods Resources */ = {
			isa = PBXShellScriptBuildPhase;
			buildActionMask = 2147483647;
			files = (
			);
			inputPaths = (
			);
			name = "[CP] Copy Pods Resources";
			outputPaths = (
			);
			runOnlyForDeploymentPostprocessing = 0;
			shellPath = /bin/sh;
			shellScript = "\"${SRCROOT}/Pods/Target Support Files/Pods-InstagramNov17/Pods-InstagramNov17-resources.sh\"\n";
			showEnvVarsInLog = 0;
		};
/* End PBXShellScriptBuildPhase section */

/* Begin PBXSourcesBuildPhase section */
		5FC4F8A91FBA9FAB00A8E1EE /* Sources */ = {
			isa = PBXSourcesBuildPhase;
			buildActionMask = 2147483647;
			files = (
				5FC4F8B31FBA9FAB00A8E1EE /* ViewController.swift in Sources */,
				5FC4F8B11FBA9FAB00A8E1EE /* AppDelegate.swift in Sources */,
			);
			runOnlyForDeploymentPostprocessing = 0;
		};
/* End PBXSourcesBuildPhase section */

/* Begin PBXVariantGroup section */
		5FC4F8B41FBA9FAB00A8E1EE /* Main.storyboard */ = {
			isa = PBXVariantGroup;
			children = (
				5FC4F8B51FBA9FAB00A8E1EE /* Base */,
			);
			name = Main.storyboard;
			sourceTree = "<group>";
		};
		5FC4F8B91FBA9FAC00A8E1EE /* LaunchScreen.storyboard */ = {
			isa = PBXVariantGroup;
			children = (
				5FC4F8BA1FBA9FAC00A8E1EE /* Base */,
			);
			name = LaunchScreen.storyboard;
			sourceTree = "<group>";
		};
/* End PBXVariantGroup section */

/* Begin XCBuildConfiguration section */
		5FC4F8BD1FBA9FAC00A8E1EE /* Debug */ = {
			isa = XCBuildConfiguration;
			buildSettings = {
				ALWAYS_SEARCH_USER_PATHS = NO;
				CLANG_ANALYZER_NONNULL = YES;
				CLANG_ANALYZER_NUMBER_OBJECT_CONVERSION = YES_AGGRESSIVE;
				CLANG_CXX_LANGUAGE_STANDARD = "gnu++14";
				CLANG_CXX_LIBRARY = "libc++";
				CLANG_ENABLE_MODULES = YES;
				CLANG_ENABLE_OBJC_ARC = YES;
				CLANG_WARN_BLOCK_CAPTURE_AUTORELEASING = YES;
				CLANG_WARN_BOOL_CONVERSION = YES;
				CLANG_WARN_COMMA = YES;
				CLANG_WARN_CONSTANT_CONVERSION = YES;
				CLANG_WARN_DIRECT_OBJC_ISA_USAGE = YES_ERROR;
				CLANG_WARN_DOCUMENTATION_COMMENTS = YES;
				CLANG_WARN_EMPTY_BODY = YES;
				CLANG_WARN_ENUM_CONVERSION = YES;
				CLANG_WARN_INFINITE_RECURSION = YES;
				CLANG_WARN_INT_CONVERSION = YES;
				CLANG_WARN_NON_LITERAL_NULL_CONVERSION = YES;
				CLANG_WARN_OBJC_LITERAL_CONVERSION = YES;
				CLANG_WARN_OBJC_ROOT_CLASS = YES_ERROR;
				CLANG_WARN_RANGE_LOOP_ANALYSIS = YES;
				CLANG_WARN_STRICT_PROTOTYPES = YES;
				CLANG_WARN_SUSPICIOUS_MOVE = YES;
				CLANG_WARN_UNGUARDED_AVAILABILITY = YES_AGGRESSIVE;
				CLANG_WARN_UNREACHABLE_CODE = YES;
				CLANG_WARN__DUPLICATE_METHOD_MATCH = YES;
				CODE_SIGN_IDENTITY = "iPhone Developer";
				COPY_PHASE_STRIP = NO;
				DEBUG_INFORMATION_FORMAT = dwarf;
				ENABLE_STRICT_OBJC_MSGSEND = YES;
				ENABLE_TESTABILITY = YES;
				GCC_C_LANGUAGE_STANDARD = gnu11;
				GCC_DYNAMIC_NO_PIC = NO;
				GCC_NO_COMMON_BLOCKS = YES;
				GCC_OPTIMIZATION_LEVEL = 0;
				GCC_PREPROCESSOR_DEFINITIONS = (
					"DEBUG=1",
					"$(inherited)",
				);
				GCC_WARN_64_TO_32_BIT_CONVERSION = YES;
				GCC_WARN_ABOUT_RETURN_TYPE = YES_ERROR;
				GCC_WARN_UNDECLARED_SELECTOR = YES;
				GCC_WARN_UNINITIALIZED_AUTOS = YES_AGGRESSIVE;
				GCC_WARN_UNUSED_FUNCTION = YES;
				GCC_WARN_UNUSED_VARIABLE = YES;
				IPHONEOS_DEPLOYMENT_TARGET = 11.1;
				MTL_ENABLE_DEBUG_INFO = YES;
				ONLY_ACTIVE_ARCH = YES;
				SDKROOT = iphoneos;
				SWIFT_ACTIVE_COMPILATION_CONDITIONS = DEBUG;
				SWIFT_OPTIMIZATION_LEVEL = "-Onone";
			};
			name = Debug;
		};
		5FC4F8BE1FBA9FAC00A8E1EE /* Release */ = {
			isa = XCBuildConfiguration;
			buildSettings = {
				ALWAYS_SEARCH_USER_PATHS = NO;
				CLANG_ANALYZER_NONNULL = YES;
				CLANG_ANALYZER_NUMBER_OBJECT_CONVERSION = YES_AGGRESSIVE;
				CLANG_CXX_LANGUAGE_STANDARD = "gnu++14";
				CLANG_CXX_LIBRARY = "libc++";
				CLANG_ENABLE_MODULES = YES;
				CLANG_ENABLE_OBJC_ARC = YES;
				CLANG_WARN_BLOCK_CAPTURE_AUTORELEASING = YES;
				CLANG_WARN_BOOL_CONVERSION = YES;
				CLANG_WARN_COMMA = YES;
				CLANG_WARN_CONSTANT_CONVERSION = YES;
				CLANG_WARN_DIRECT_OBJC_ISA_USAGE = YES_ERROR;
				CLANG_WARN_DOCUMENTATION_COMMENTS = YES;
				CLANG_WARN_EMPTY_BODY = YES;
				CLANG_WARN_ENUM_CONVERSION = YES;
				CLANG_WARN_INFINITE_RECURSION = YES;
				CLANG_WARN_INT_CONVERSION = YES;
				CLANG_WARN_NON_LITERAL_NULL_CONVERSION = YES;
				CLANG_WARN_OBJC_LITERAL_CONVERSION = YES;
				CLANG_WARN_OBJC_ROOT_CLASS = YES_ERROR;
				CLANG_WARN_RANGE_LOOP_ANALYSIS = YES;
				CLANG_WARN_STRICT_PROTOTYPES = YES;
				CLANG_WARN_SUSPICIOUS_MOVE = YES;
				CLANG_WARN_UNGUARDED_AVAILABILITY = YES_AGGRESSIVE;
				CLANG_WARN_UNREACHABLE_CODE = YES;
				CLANG_WARN__DUPLICATE_METHOD_MATCH = YES;
				CODE_SIGN_IDENTITY = "iPhone Developer";
				COPY_PHASE_STRIP = NO;
				DEBUG_INFORMATION_FORMAT = "dwarf-with-dsym";
				ENABLE_NS_ASSERTIONS = NO;
				ENABLE_STRICT_OBJC_MSGSEND = YES;
				GCC_C_LANGUAGE_STANDARD = gnu11;
				GCC_NO_COMMON_BLOCKS = YES;
				GCC_WARN_64_TO_32_BIT_CONVERSION = YES;
				GCC_WARN_ABOUT_RETURN_TYPE = YES_ERROR;
				GCC_WARN_UNDECLARED_SELECTOR = YES;
				GCC_WARN_UNINITIALIZED_AUTOS = YES_AGGRESSIVE;
				GCC_WARN_UNUSED_FUNCTION = YES;
				GCC_WARN_UNUSED_VARIABLE = YES;
				IPHONEOS_DEPLOYMENT_TARGET = 11.1;
				MTL_ENABLE_DEBUG_INFO = NO;
				SDKROOT = iphoneos;
				SWIFT_OPTIMIZATION_LEVEL = "-Owholemodule";
				VALIDATE_PRODUCT = YES;
			};
			name = Release;
		};
		5FC4F8C01FBA9FAC00A8E1EE /* Debug */ = {
			isa = XCBuildConfiguration;
			baseConfigurationReference = 06EB35A31E52431FA05272B3 /* Pods-InstagramNov17.debug.xcconfig */;
			buildSettings = {
				ASSETCATALOG_COMPILER_APPICON_NAME = AppIcon;
				CODE_SIGN_STYLE = Automatic;
				DEVELOPMENT_TEAM = R5MWXFW4RY;
				INFOPLIST_FILE = InstagramNov17/Info.plist;
				LD_RUNPATH_SEARCH_PATHS = "$(inherited) @executable_path/Frameworks";
				PRODUCT_BUNDLE_IDENTIFIER = CKH.InstagramNov17;
				PRODUCT_NAME = "$(TARGET_NAME)";
				SWIFT_VERSION = 4.0;
				TARGETED_DEVICE_FAMILY = "1,2";
			};
			name = Debug;
		};
		5FC4F8C11FBA9FAC00A8E1EE /* Release */ = {
			isa = XCBuildConfiguration;
			baseConfigurationReference = 4BC2227DEEBE2CF4D58BFC9D /* Pods-InstagramNov17.release.xcconfig */;
			buildSettings = {
				ASSETCATALOG_COMPILER_APPICON_NAME = AppIcon;
				CODE_SIGN_STYLE = Automatic;
				DEVELOPMENT_TEAM = R5MWXFW4RY;
				INFOPLIST_FILE = InstagramNov17/Info.plist;
				LD_RUNPATH_SEARCH_PATHS = "$(inherited) @executable_path/Frameworks";
				PRODUCT_BUNDLE_IDENTIFIER = CKH.InstagramNov17;
				PRODUCT_NAME = "$(TARGET_NAME)";
				SWIFT_VERSION = 4.0;
				TARGETED_DEVICE_FAMILY = "1,2";
			};
			name = Release;
		};
/* End XCBuildConfiguration section */

/* Begin XCConfigurationList section */
		5FC4F8A81FBA9FAB00A8E1EE /* Build configuration list for PBXProject "InstagramNov17" */ = {
			isa = XCConfigurationList;
			buildConfigurations = (
				5FC4F8BD1FBA9FAC00A8E1EE /* Debug */,
				5FC4F8BE1FBA9FAC00A8E1EE /* Release */,
			);
			defaultConfigurationIsVisible = 0;
			defaultConfigurationName = Release;
		};
		5FC4F8BF1FBA9FAC00A8E1EE /* Build configuration list for PBXNativeTarget "InstagramNov17" */ = {
			isa = XCConfigurationList;
			buildConfigurations = (
				5FC4F8C01FBA9FAC00A8E1EE /* Debug */,
				5FC4F8C11FBA9FAC00A8E1EE /* Release */,
			);
			defaultConfigurationIsVisible = 0;
			defaultConfigurationName = Release;
		};
/* End XCConfigurationList section */
	};
	rootObject = 5FC4F8A51FBA9FAB00A8E1EE /* Project object */;
}
